
Microsoft Visual Studio Solution File, Format Version 12.00
# Visual Studio Version 17
VisualStudioVersion = 17.3.32825.248
MinimumVisualStudioVersion = 10.0.40219.1
Project("{FAE04EC0-301F-11D3-BF4B-00C04F79EFBC}") = "22.09.05study1", "22.09.05\22.09.05study1.csproj", "{A757FC46-23D5-44EF-BD5D-6BE8C678E90A}"
EndProject
Project("{2150E333-8FDC-42A3-9474-1A3956D46DE8}") = "9월 2주차", "9월 2주차", "{D7D2A741-0A69-4A79-A31A-1BC60166F27F}"
EndProject
Project("{FAE04EC0-301F-11D3-BF4B-00C04F79EFBC}") = "22.09.05study2", "22.09.05study2\22.09.05study2.csproj", "{B689F9E1-6BAE-4D97-A1FA-8B0E5606F323}"
EndProject
Project("{FAE04EC0-301F-11D3-BF4B-00C04F79EFBC}") = "22.09.05study3", "22.09.05study3\22.09.05study3.csproj", "{514B960A-DB27-4D59-A72F-771E4425EF68}"
EndProject
Project("{FAE04EC0-301F-11D3-BF4B-00C04F79EFBC}") = "22.09.05study4", "22.09.05study4\22.09.05study4.csproj", "{0210B041-80B2-4B28-B0A3-4CE9B520F988}"
EndProject
Project("{FAE04EC0-301F-11D3-BF4B-00C04F79EFBC}") = "22.09.05study5", "22.09.05study5\22.09.05study5.csproj", "{2A28B2A7-B2C5-4985-8D0A-06F3D27DE3A5}"
EndProject
Project("{FAE04EC0-301F-11D3-BF4B-00C04F79EFBC}") = "22.09.05study6", "22.09.05study6\22.09.05study6.csproj", "{BC62DD28-0ECE-4950-95A0-CCC6DB33B824}"
EndProject
Project("{FAE04EC0-301F-11D3-BF4B-00C04F79EFBC}") = "22.09.05study7", "22.09.05study7\22.09.05study7.csproj", "{45AB3E18-0CE2-44D5-B4B8-E1755C947EA2}"
EndProject
Project("{FAE04EC0-301F-11D3-BF4B-00C04F79EFBC}") = "22.09.06study1", "22.09.06study1\22.09.06study1.csproj", "{9B25A864-786F-4FD7-B0E4-88E31CEC2692}"
EndProject
Project("{FAE04EC0-301F-11D3-BF4B-00C04F79EFBC}") = "22.09.06study2", "22.09.06study2\22.09.06study2.csproj", "{5C0214EA-2632-4683-B5B3-0E5A7338A49A}"
EndProject
Project("{FAE04EC0-301F-11D3-BF4B-00C04F79EFBC}") = "22.09.06study3", "22.09.06study3\22.09.06study3.csproj", "{682B0397-7FBB-443D-9E7D-2A13F15D3451}"
EndProject
Project("{2150E333-8FDC-42A3-9474-1A3956D46DE8}") = "새 폴더1", "새 폴더1", "{42AFF1A7-3F55-4FE3-8399-ACE11B7D2C09}"
EndProject
Global
	GlobalSection(SolutionConfigurationPlatforms) = preSolution
		Debug|Any CPU = Debug|Any CPU
		Release|Any CPU = Release|Any CPU
	EndGlobalSection
	GlobalSection(ProjectConfigurationPlatforms) = postSolution
		{A757FC46-23D5-44EF-BD5D-6BE8C678E90A}.Debug|Any CPU.ActiveCfg = Debug|Any CPU
		{A757FC46-23D5-44EF-BD5D-6BE8C678E90A}.Debug|Any CPU.Build.0 = Debug|Any CPU
		{A757FC46-23D5-44EF-BD5D-6BE8C678E90A}.Release|Any CPU.ActiveCfg = Release|Any CPU
		{A757FC46-23D5-44EF-BD5D-6BE8C678E90A}.Release|Any CPU.Build.0 = Release|Any CPU
		{B689F9E1-6BAE-4D97-A1FA-8B0E5606F323}.Debug|Any CPU.ActiveCfg = Debug|Any CPU
		{B689F9E1-6BAE-4D97-A1FA-8B0E5606F323}.Debug|Any CPU.Build.0 = Debug|Any CPU
		{B689F9E1-6BAE-4D97-A1FA-8B0E5606F323}.Release|Any CPU.ActiveCfg = Release|Any CPU
		{B689F9E1-6BAE-4D97-A1FA-8B0E5606F323}.Release|Any CPU.Build.0 = Release|Any CPU
		{514B960A-DB27-4D59-A72F-771E4425EF68}.Debug|Any CPU.ActiveCfg = Debug|Any CPU
		{514B960A-DB27-4D59-A72F-771E4425EF68}.Debug|Any CPU.Build.0 = Debug|Any CPU
		{514B960A-DB27-4D59-A72F-771E4425EF68}.Release|Any CPU.ActiveCfg = Release|Any CPU
		{514B960A-DB27-4D59-A72F-771E4425EF68}.Release|Any CPU.Build.0 = Release|Any CPU
		{0210B041-80B2-4B28-B0A3-4CE9B520F988}.Debug|Any CPU.ActiveCfg = Debug|Any CPU
		{0210B041-80B2-4B28-B0A3-4CE9B520F988}.Debug|Any CPU.Build.0 = Debug|Any CPU
		{0210B041-80B2-4B28-B0A3-4CE9B520F988}.Release|Any CPU.ActiveCfg = Release|Any CPU
		{0210B041-80B2-4B28-B0A3-4CE9B520F988}.Release|Any CPU.Build.0 = Release|Any CPU
		{2A28B2A7-B2C5-4985-8D0A-06F3D27DE3A5}.Debug|Any CPU.ActiveCfg = Debug|Any CPU
		{2A28B2A7-B2C5-4985-8D0A-06F3D27DE3A5}.Debug|Any CPU.Build.0 = Debug|Any CPU
		{2A28B2A7-B2C5-4985-8D0A-06F3D27DE3A5}.Release|Any CPU.ActiveCfg = Release|Any CPU
		{2A28B2A7-B2C5-4985-8D0A-06F3D27DE3A5}.Release|Any CPU.Build.0 = Release|Any CPU
		{BC62DD28-0ECE-4950-95A0-CCC6DB33B824}.Debug|Any CPU.ActiveCfg = Debug|Any CPU
		{BC62DD28-0ECE-4950-95A0-CCC6DB33B824}.Debug|Any CPU.Build.0 = Debug|Any CPU
		{BC62DD28-0ECE-4950-95A0-CCC6DB33B824}.Release|Any CPU.ActiveCfg = Release|Any CPU
		{BC62DD28-0ECE-4950-95A0-CCC6DB33B824}.Release|Any CPU.Build.0 = Release|Any CPU
		{45AB3E18-0CE2-44D5-B4B8-E1755C947EA2}.Debug|Any CPU.ActiveCfg = Debug|Any CPU
		{45AB3E18-0CE2-44D5-B4B8-E1755C947EA2}.Debug|Any CPU.Build.0 = Debug|Any CPU
		{45AB3E18-0CE2-44D5-B4B8-E1755C947EA2}.Release|Any CPU.ActiveCfg = Release|Any CPU
		{45AB3E18-0CE2-44D5-B4B8-E1755C947EA2}.Release|Any CPU.Build.0 = Release|Any CPU
		{9B25A864-786F-4FD7-B0E4-88E31CEC2692}.Debug|Any CPU.ActiveCfg = Debug|Any CPU
		{9B25A864-786F-4FD7-B0E4-88E31CEC2692}.Debug|Any CPU.Build.0 = Debug|Any CPU
		{9B25A864-786F-4FD7-B0E4-88E31CEC2692}.Release|Any CPU.ActiveCfg = Release|Any CPU
		{9B25A864-786F-4FD7-B0E4-88E31CEC2692}.Release|Any CPU.Build.0 = Release|Any CPU
		{5C0214EA-2632-4683-B5B3-0E5A7338A49A}.Debug|Any CPU.ActiveCfg = Debug|Any CPU
		{5C0214EA-2632-4683-B5B3-0E5A7338A49A}.Debug|Any CPU.Build.0 = Debug|Any CPU
		{5C0214EA-2632-4683-B5B3-0E5A7338A49A}.Release|Any CPU.ActiveCfg = Release|Any CPU
		{5C0214EA-2632-4683-B5B3-0E5A7338A49A}.Release|Any CPU.Build.0 = Release|Any CPU
		{682B0397-7FBB-443D-9E7D-2A13F15D3451}.Debug|Any CPU.ActiveCfg = Debug|Any CPU
		{682B0397-7FBB-443D-9E7D-2A13F15D3451}.Debug|Any CPU.Build.0 = Debug|Any CPU
		{682B0397-7FBB-443D-9E7D-2A13F15D3451}.Release|Any CPU.ActiveCfg = Release|Any CPU
		{682B0397-7FBB-443D-9E7D-2A13F15D3451}.Release|Any CPU.Build.0 = Release|Any CPU
	EndGlobalSection
	GlobalSection(SolutionProperties) = preSolution
		HideSolutionNode = FALSE
	EndGlobalSection
	GlobalSection(NestedProjects) = preSolution
		{A757FC46-23D5-44EF-BD5D-6BE8C678E90A} = {D7D2A741-0A69-4A79-A31A-1BC60166F27F}
		{B689F9E1-6BAE-4D97-A1FA-8B0E5606F323} = {D7D2A741-0A69-4A79-A31A-1BC60166F27F}
		{514B960A-DB27-4D59-A72F-771E4425EF68} = {D7D2A741-0A69-4A79-A31A-1BC60166F27F}
		{0210B041-80B2-4B28-B0A3-4CE9B520F988} = {D7D2A741-0A69-4A79-A31A-1BC60166F27F}
		{2A28B2A7-B2C5-4985-8D0A-06F3D27DE3A5} = {D7D2A741-0A69-4A79-A31A-1BC60166F27F}
		{BC62DD28-0ECE-4950-95A0-CCC6DB33B824} = {D7D2A741-0A69-4A79-A31A-1BC60166F27F}
		{45AB3E18-0CE2-44D5-B4B8-E1755C947EA2} = {D7D2A741-0A69-4A79-A31A-1BC60166F27F}
		{9B25A864-786F-4FD7-B0E4-88E31CEC2692} = {D7D2A741-0A69-4A79-A31A-1BC60166F27F}
		{5C0214EA-2632-4683-B5B3-0E5A7338A49A} = {D7D2A741-0A69-4A79-A31A-1BC60166F27F}
		{682B0397-7FBB-443D-9E7D-2A13F15D3451} = {D7D2A741-0A69-4A79-A31A-1BC60166F27F}
	EndGlobalSection
	GlobalSection(ExtensibilityGlobals) = postSolution
		SolutionGuid = {0CC87C57-795B-4056-B5E6-6F7539709C24}
	EndGlobalSection
EndGlobal
