
Microsoft Visual Studio Solution File, Format Version 12.00
# Visual Studio Version 17
VisualStudioVersion = 17.3.32825.248
MinimumVisualStudioVersion = 10.0.40219.1
Project("{FAE04EC0-301F-11D3-BF4B-00C04F79EFBC}") = "22.09.05study1", "22.09.05\22.09.05study1.csproj", "{A757FC46-23D5-44EF-BD5D-6BE8C678E90A}"
EndProject
Project("{2150E333-8FDC-42A3-9474-1A3956D46DE8}") = "9월 2주차", "9월 2주차", "{D7D2A741-0A69-4A79-A31A-1BC60166F27F}"
EndProject
Project("{FAE04EC0-301F-11D3-BF4B-00C04F79EFBC}") = "22.09.05study2", "22.09.05study2\22.09.05study2.csproj", "{B689F9E1-6BAE-4D97-A1FA-8B0E5606F323}"
EndProject
Project("{FAE04EC0-301F-11D3-BF4B-00C04F79EFBC}") = "22.09.05study3", "22.09.05study3\22.09.05study3.csproj", "{514B960A-DB27-4D59-A72F-771E4425EF68}"
EndProject
Global
	GlobalSection(SolutionConfigurationPlatforms) = preSolution
		Debug|Any CPU = Debug|Any CPU
		Release|Any CPU = Release|Any CPU
	EndGlobalSection
	GlobalSection(ProjectConfigurationPlatforms) = postSolution
		{A757FC46-23D5-44EF-BD5D-6BE8C678E90A}.Debug|Any CPU.ActiveCfg = Debug|Any CPU
		{A757FC46-23D5-44EF-BD5D-6BE8C678E90A}.Debug|Any CPU.Build.0 = Debug|Any CPU
		{A757FC46-23D5-44EF-BD5D-6BE8C678E90A}.Release|Any CPU.ActiveCfg = Release|Any CPU
		{A757FC46-23D5-44EF-BD5D-6BE8C678E90A}.Release|Any CPU.Build.0 = Release|Any CPU
		{B689F9E1-6BAE-4D97-A1FA-8B0E5606F323}.Debug|Any CPU.ActiveCfg = Debug|Any CPU
		{B689F9E1-6BAE-4D97-A1FA-8B0E5606F323}.Debug|Any CPU.Build.0 = Debug|Any CPU
		{B689F9E1-6BAE-4D97-A1FA-8B0E5606F323}.Release|Any CPU.ActiveCfg = Release|Any CPU
		{B689F9E1-6BAE-4D97-A1FA-8B0E5606F323}.Release|Any CPU.Build.0 = Release|Any CPU
		{514B960A-DB27-4D59-A72F-771E4425EF68}.Debug|Any CPU.ActiveCfg = Debug|Any CPU
		{514B960A-DB27-4D59-A72F-771E4425EF68}.Debug|Any CPU.Build.0 = Debug|Any CPU
		{514B960A-DB27-4D59-A72F-771E4425EF68}.Release|Any CPU.ActiveCfg = Release|Any CPU
		{514B960A-DB27-4D59-A72F-771E4425EF68}.Release|Any CPU.Build.0 = Release|Any CPU
	EndGlobalSection
	GlobalSection(SolutionProperties) = preSolution
		HideSolutionNode = FALSE
	EndGlobalSection
	GlobalSection(NestedProjects) = preSolution
		{A757FC46-23D5-44EF-BD5D-6BE8C678E90A} = {D7D2A741-0A69-4A79-A31A-1BC60166F27F}
		{B689F9E1-6BAE-4D97-A1FA-8B0E5606F323} = {D7D2A741-0A69-4A79-A31A-1BC60166F27F}
		{514B960A-DB27-4D59-A72F-771E4425EF68} = {D7D2A741-0A69-4A79-A31A-1BC60166F27F}
	EndGlobalSection
	GlobalSection(ExtensibilityGlobals) = postSolution
		SolutionGuid = {0CC87C57-795B-4056-B5E6-6F7539709C24}
	EndGlobalSection
EndGlobal
