
Microsoft Visual Studio Solution File, Format Version 12.00
# Visual Studio Version 17
VisualStudioVersion = 17.3.32825.248
MinimumVisualStudioVersion = 10.0.40219.1
Project("{FAE04EC0-301F-11D3-BF4B-00C04F79EFBC}") = "22.09.05study1", "22.09.05\22.09.05study1.csproj", "{A757FC46-23D5-44EF-BD5D-6BE8C678E90A}"
EndProject
Project("{2150E333-8FDC-42A3-9474-1A3956D46DE8}") = "9월 2주차", "9월 2주차", "{D7D2A741-0A69-4A79-A31A-1BC60166F27F}"
EndProject
Project("{FAE04EC0-301F-11D3-BF4B-00C04F79EFBC}") = "22.09.05study2", "22.09.05study2\22.09.05study2.csproj", "{B689F9E1-6BAE-4D97-A1FA-8B0E5606F323}"
EndProject
Project("{FAE04EC0-301F-11D3-BF4B-00C04F79EFBC}") = "22.09.05study3", "22.09.05study3\22.09.05study3.csproj", "{514B960A-DB27-4D59-A72F-771E4425EF68}"
EndProject
Project("{FAE04EC0-301F-11D3-BF4B-00C04F79EFBC}") = "22.09.05study4", "22.09.05study4\22.09.05study4.csproj", "{0210B041-80B2-4B28-B0A3-4CE9B520F988}"
EndProject
Project("{FAE04EC0-301F-11D3-BF4B-00C04F79EFBC}") = "22.09.05study5", "22.09.05study5\22.09.05study5.csproj", "{2A28B2A7-B2C5-4985-8D0A-06F3D27DE3A5}"
EndProject
Project("{FAE04EC0-301F-11D3-BF4B-00C04F79EFBC}") = "22.09.05study6", "22.09.05study6\22.09.05study6.csproj", "{BC62DD28-0ECE-4950-95A0-CCC6DB33B824}"
EndProject
Project("{FAE04EC0-301F-11D3-BF4B-00C04F79EFBC}") = "22.09.05study7", "22.09.05study7\22.09.05study7.csproj", "{45AB3E18-0CE2-44D5-B4B8-E1755C947EA2}"
EndProject
Project("{FAE04EC0-301F-11D3-BF4B-00C04F79EFBC}") = "22.09.06study1", "22.09.06study1\22.09.06study1.csproj", "{9B25A864-786F-4FD7-B0E4-88E31CEC2692}"
EndProject
Project("{FAE04EC0-301F-11D3-BF4B-00C04F79EFBC}") = "22.09.06study2", "22.09.06study2\22.09.06study2.csproj", "{5C0214EA-2632-4683-B5B3-0E5A7338A49A}"
EndProject
Project("{FAE04EC0-301F-11D3-BF4B-00C04F79EFBC}") = "22.09.06study3", "22.09.06study3\22.09.06study3.csproj", "{682B0397-7FBB-443D-9E7D-2A13F15D3451}"
EndProject
Project("{2150E333-8FDC-42A3-9474-1A3956D46DE8}") = "새 폴더1", "새 폴더1", "{42AFF1A7-3F55-4FE3-8399-ACE11B7D2C09}"
EndProject
Project("{FAE04EC0-301F-11D3-BF4B-00C04F79EFBC}") = "22.09.06study4", "22.09.06study4\22.09.06study4.csproj", "{1F6DEC57-5D74-4C9F-B839-33585651FB2A}"
EndProject
Project("{FAE04EC0-301F-11D3-BF4B-00C04F79EFBC}") = "22.09.06study5", "22.09.06study5\22.09.06study5.csproj", "{73B10DBF-038E-46AC-9F7E-D298B18CC320}"
EndProject
Project("{FAE04EC0-301F-11D3-BF4B-00C04F79EFBC}") = "22.09.06study6", "22.09.06study6\22.09.06study6.csproj", "{DD62C5A6-0BCC-4945-8B75-7A24EF584B81}"
EndProject
Project("{FAE04EC0-301F-11D3-BF4B-00C04F79EFBC}") = "22.09.06study7", "22.09.06study7\22.09.06study7.csproj", "{21560A10-5FED-4B9D-AFF2-F533CCDFD647}"
EndProject
Project("{FAE04EC0-301F-11D3-BF4B-00C04F79EFBC}") = "22.09.06study8", "22.09.06study8\22.09.06study8.csproj", "{9A43C0EF-3026-444F-A8B8-822BB73EC5DB}"
EndProject
Project("{FAE04EC0-301F-11D3-BF4B-00C04F79EFBC}") = "22.09.06study9", "22.09.06study9\22.09.06study9.csproj", "{2ADB5AA5-0283-4B55-9025-B3A820FE86AD}"
EndProject
Project("{FAE04EC0-301F-11D3-BF4B-00C04F79EFBC}") = "22.09.06studyA10", "22.09.06study10\22.09.06studyA10.csproj", "{B84EAA42-4A27-4461-8194-8E50A04C27A7}"
EndProject
Project("{FAE04EC0-301F-11D3-BF4B-00C04F79EFBC}") = "22.09.06studyA11", "22.09.06studyA11\22.09.06studyA11.csproj", "{B46FC53B-D8D7-418F-B342-60F1650DD2E6}"
EndProject
Project("{FAE04EC0-301F-11D3-BF4B-00C04F79EFBC}") = "22.09.06studyA12", "22.09.06studyA12\22.09.06studyA12.csproj", "{78B09F47-8365-4AD7-8A19-7B7EF5E7B2F1}"
EndProject
Project("{FAE04EC0-301F-11D3-BF4B-00C04F79EFBC}") = "22.09.07study1", "22.09.07study1\22.09.07study1.csproj", "{B1E30219-9A92-4C62-BAFA-BFAE8226EFE6}"
EndProject
Project("{FAE04EC0-301F-11D3-BF4B-00C04F79EFBC}") = "22.09.07study2", "22.09.07study2\22.09.07study2.csproj", "{624BE521-07CC-43C5-9CF1-2719387D25C5}"
EndProject
Project("{FAE04EC0-301F-11D3-BF4B-00C04F79EFBC}") = "22.09.07study3", "22.9.07study3\22.09.07study3.csproj", "{FD9A663B-61F4-4D2B-A995-F3501A014B6A}"
EndProject
Project("{FAE04EC0-301F-11D3-BF4B-00C04F79EFBC}") = "22.09.07study4", "22.09.07study4\22.09.07study4.csproj", "{65C888D0-DE0D-4493-86A9-3408F42E94F2}"
EndProject
Project("{FAE04EC0-301F-11D3-BF4B-00C04F79EFBC}") = "22.09.07study5", "22.09.07study5\22.09.07study5.csproj", "{90C646F9-EFA0-4440-95B8-E33CE2D39D23}"
EndProject
Global
	GlobalSection(SolutionConfigurationPlatforms) = preSolution
		Debug|Any CPU = Debug|Any CPU
		Release|Any CPU = Release|Any CPU
	EndGlobalSection
	GlobalSection(ProjectConfigurationPlatforms) = postSolution
		{A757FC46-23D5-44EF-BD5D-6BE8C678E90A}.Debug|Any CPU.ActiveCfg = Debug|Any CPU
		{A757FC46-23D5-44EF-BD5D-6BE8C678E90A}.Debug|Any CPU.Build.0 = Debug|Any CPU
		{A757FC46-23D5-44EF-BD5D-6BE8C678E90A}.Release|Any CPU.ActiveCfg = Release|Any CPU
		{A757FC46-23D5-44EF-BD5D-6BE8C678E90A}.Release|Any CPU.Build.0 = Release|Any CPU
		{B689F9E1-6BAE-4D97-A1FA-8B0E5606F323}.Debug|Any CPU.ActiveCfg = Debug|Any CPU
		{B689F9E1-6BAE-4D97-A1FA-8B0E5606F323}.Debug|Any CPU.Build.0 = Debug|Any CPU
		{B689F9E1-6BAE-4D97-A1FA-8B0E5606F323}.Release|Any CPU.ActiveCfg = Release|Any CPU
		{B689F9E1-6BAE-4D97-A1FA-8B0E5606F323}.Release|Any CPU.Build.0 = Release|Any CPU
		{514B960A-DB27-4D59-A72F-771E4425EF68}.Debug|Any CPU.ActiveCfg = Debug|Any CPU
		{514B960A-DB27-4D59-A72F-771E4425EF68}.Debug|Any CPU.Build.0 = Debug|Any CPU
		{514B960A-DB27-4D59-A72F-771E4425EF68}.Release|Any CPU.ActiveCfg = Release|Any CPU
		{514B960A-DB27-4D59-A72F-771E4425EF68}.Release|Any CPU.Build.0 = Release|Any CPU
		{0210B041-80B2-4B28-B0A3-4CE9B520F988}.Debug|Any CPU.ActiveCfg = Debug|Any CPU
		{0210B041-80B2-4B28-B0A3-4CE9B520F988}.Debug|Any CPU.Build.0 = Debug|Any CPU
		{0210B041-80B2-4B28-B0A3-4CE9B520F988}.Release|Any CPU.ActiveCfg = Release|Any CPU
		{0210B041-80B2-4B28-B0A3-4CE9B520F988}.Release|Any CPU.Build.0 = Release|Any CPU
		{2A28B2A7-B2C5-4985-8D0A-06F3D27DE3A5}.Debug|Any CPU.ActiveCfg = Debug|Any CPU
		{2A28B2A7-B2C5-4985-8D0A-06F3D27DE3A5}.Debug|Any CPU.Build.0 = Debug|Any CPU
		{2A28B2A7-B2C5-4985-8D0A-06F3D27DE3A5}.Release|Any CPU.ActiveCfg = Release|Any CPU
		{2A28B2A7-B2C5-4985-8D0A-06F3D27DE3A5}.Release|Any CPU.Build.0 = Release|Any CPU
		{BC62DD28-0ECE-4950-95A0-CCC6DB33B824}.Debug|Any CPU.ActiveCfg = Debug|Any CPU
		{BC62DD28-0ECE-4950-95A0-CCC6DB33B824}.Debug|Any CPU.Build.0 = Debug|Any CPU
		{BC62DD28-0ECE-4950-95A0-CCC6DB33B824}.Release|Any CPU.ActiveCfg = Release|Any CPU
		{BC62DD28-0ECE-4950-95A0-CCC6DB33B824}.Release|Any CPU.Build.0 = Release|Any CPU
		{45AB3E18-0CE2-44D5-B4B8-E1755C947EA2}.Debug|Any CPU.ActiveCfg = Debug|Any CPU
		{45AB3E18-0CE2-44D5-B4B8-E1755C947EA2}.Debug|Any CPU.Build.0 = Debug|Any CPU
		{45AB3E18-0CE2-44D5-B4B8-E1755C947EA2}.Release|Any CPU.ActiveCfg = Release|Any CPU
		{45AB3E18-0CE2-44D5-B4B8-E1755C947EA2}.Release|Any CPU.Build.0 = Release|Any CPU
		{9B25A864-786F-4FD7-B0E4-88E31CEC2692}.Debug|Any CPU.ActiveCfg = Debug|Any CPU
		{9B25A864-786F-4FD7-B0E4-88E31CEC2692}.Debug|Any CPU.Build.0 = Debug|Any CPU
		{9B25A864-786F-4FD7-B0E4-88E31CEC2692}.Release|Any CPU.ActiveCfg = Release|Any CPU
		{9B25A864-786F-4FD7-B0E4-88E31CEC2692}.Release|Any CPU.Build.0 = Release|Any CPU
		{5C0214EA-2632-4683-B5B3-0E5A7338A49A}.Debug|Any CPU.ActiveCfg = Debug|Any CPU
		{5C0214EA-2632-4683-B5B3-0E5A7338A49A}.Debug|Any CPU.Build.0 = Debug|Any CPU
		{5C0214EA-2632-4683-B5B3-0E5A7338A49A}.Release|Any CPU.ActiveCfg = Release|Any CPU
		{5C0214EA-2632-4683-B5B3-0E5A7338A49A}.Release|Any CPU.Build.0 = Release|Any CPU
		{682B0397-7FBB-443D-9E7D-2A13F15D3451}.Debug|Any CPU.ActiveCfg = Debug|Any CPU
		{682B0397-7FBB-443D-9E7D-2A13F15D3451}.Debug|Any CPU.Build.0 = Debug|Any CPU
		{682B0397-7FBB-443D-9E7D-2A13F15D3451}.Release|Any CPU.ActiveCfg = Release|Any CPU
		{682B0397-7FBB-443D-9E7D-2A13F15D3451}.Release|Any CPU.Build.0 = Release|Any CPU
		{1F6DEC57-5D74-4C9F-B839-33585651FB2A}.Debug|Any CPU.ActiveCfg = Debug|Any CPU
		{1F6DEC57-5D74-4C9F-B839-33585651FB2A}.Debug|Any CPU.Build.0 = Debug|Any CPU
		{1F6DEC57-5D74-4C9F-B839-33585651FB2A}.Release|Any CPU.ActiveCfg = Release|Any CPU
		{1F6DEC57-5D74-4C9F-B839-33585651FB2A}.Release|Any CPU.Build.0 = Release|Any CPU
		{73B10DBF-038E-46AC-9F7E-D298B18CC320}.Debug|Any CPU.ActiveCfg = Debug|Any CPU
		{73B10DBF-038E-46AC-9F7E-D298B18CC320}.Debug|Any CPU.Build.0 = Debug|Any CPU
		{73B10DBF-038E-46AC-9F7E-D298B18CC320}.Release|Any CPU.ActiveCfg = Release|Any CPU
		{73B10DBF-038E-46AC-9F7E-D298B18CC320}.Release|Any CPU.Build.0 = Release|Any CPU
		{DD62C5A6-0BCC-4945-8B75-7A24EF584B81}.Debug|Any CPU.ActiveCfg = Debug|Any CPU
		{DD62C5A6-0BCC-4945-8B75-7A24EF584B81}.Debug|Any CPU.Build.0 = Debug|Any CPU
		{DD62C5A6-0BCC-4945-8B75-7A24EF584B81}.Release|Any CPU.ActiveCfg = Release|Any CPU
		{DD62C5A6-0BCC-4945-8B75-7A24EF584B81}.Release|Any CPU.Build.0 = Release|Any CPU
		{21560A10-5FED-4B9D-AFF2-F533CCDFD647}.Debug|Any CPU.ActiveCfg = Debug|Any CPU
		{21560A10-5FED-4B9D-AFF2-F533CCDFD647}.Debug|Any CPU.Build.0 = Debug|Any CPU
		{21560A10-5FED-4B9D-AFF2-F533CCDFD647}.Release|Any CPU.ActiveCfg = Release|Any CPU
		{21560A10-5FED-4B9D-AFF2-F533CCDFD647}.Release|Any CPU.Build.0 = Release|Any CPU
		{9A43C0EF-3026-444F-A8B8-822BB73EC5DB}.Debug|Any CPU.ActiveCfg = Debug|Any CPU
		{9A43C0EF-3026-444F-A8B8-822BB73EC5DB}.Debug|Any CPU.Build.0 = Debug|Any CPU
		{9A43C0EF-3026-444F-A8B8-822BB73EC5DB}.Release|Any CPU.ActiveCfg = Release|Any CPU
		{9A43C0EF-3026-444F-A8B8-822BB73EC5DB}.Release|Any CPU.Build.0 = Release|Any CPU
		{2ADB5AA5-0283-4B55-9025-B3A820FE86AD}.Debug|Any CPU.ActiveCfg = Debug|Any CPU
		{2ADB5AA5-0283-4B55-9025-B3A820FE86AD}.Debug|Any CPU.Build.0 = Debug|Any CPU
		{2ADB5AA5-0283-4B55-9025-B3A820FE86AD}.Release|Any CPU.ActiveCfg = Release|Any CPU
		{2ADB5AA5-0283-4B55-9025-B3A820FE86AD}.Release|Any CPU.Build.0 = Release|Any CPU
		{B84EAA42-4A27-4461-8194-8E50A04C27A7}.Debug|Any CPU.ActiveCfg = Debug|Any CPU
		{B84EAA42-4A27-4461-8194-8E50A04C27A7}.Debug|Any CPU.Build.0 = Debug|Any CPU
		{B84EAA42-4A27-4461-8194-8E50A04C27A7}.Release|Any CPU.ActiveCfg = Release|Any CPU
		{B84EAA42-4A27-4461-8194-8E50A04C27A7}.Release|Any CPU.Build.0 = Release|Any CPU
		{B46FC53B-D8D7-418F-B342-60F1650DD2E6}.Debug|Any CPU.ActiveCfg = Debug|Any CPU
		{B46FC53B-D8D7-418F-B342-60F1650DD2E6}.Debug|Any CPU.Build.0 = Debug|Any CPU
		{B46FC53B-D8D7-418F-B342-60F1650DD2E6}.Release|Any CPU.ActiveCfg = Release|Any CPU
		{B46FC53B-D8D7-418F-B342-60F1650DD2E6}.Release|Any CPU.Build.0 = Release|Any CPU
		{78B09F47-8365-4AD7-8A19-7B7EF5E7B2F1}.Debug|Any CPU.ActiveCfg = Debug|Any CPU
		{78B09F47-8365-4AD7-8A19-7B7EF5E7B2F1}.Debug|Any CPU.Build.0 = Debug|Any CPU
		{78B09F47-8365-4AD7-8A19-7B7EF5E7B2F1}.Release|Any CPU.ActiveCfg = Release|Any CPU
		{78B09F47-8365-4AD7-8A19-7B7EF5E7B2F1}.Release|Any CPU.Build.0 = Release|Any CPU
		{B1E30219-9A92-4C62-BAFA-BFAE8226EFE6}.Debug|Any CPU.ActiveCfg = Debug|Any CPU
		{B1E30219-9A92-4C62-BAFA-BFAE8226EFE6}.Debug|Any CPU.Build.0 = Debug|Any CPU
		{B1E30219-9A92-4C62-BAFA-BFAE8226EFE6}.Release|Any CPU.ActiveCfg = Release|Any CPU
		{B1E30219-9A92-4C62-BAFA-BFAE8226EFE6}.Release|Any CPU.Build.0 = Release|Any CPU
		{624BE521-07CC-43C5-9CF1-2719387D25C5}.Debug|Any CPU.ActiveCfg = Debug|Any CPU
		{624BE521-07CC-43C5-9CF1-2719387D25C5}.Debug|Any CPU.Build.0 = Debug|Any CPU
		{624BE521-07CC-43C5-9CF1-2719387D25C5}.Release|Any CPU.ActiveCfg = Release|Any CPU
		{624BE521-07CC-43C5-9CF1-2719387D25C5}.Release|Any CPU.Build.0 = Release|Any CPU
		{FD9A663B-61F4-4D2B-A995-F3501A014B6A}.Debug|Any CPU.ActiveCfg = Debug|Any CPU
		{FD9A663B-61F4-4D2B-A995-F3501A014B6A}.Debug|Any CPU.Build.0 = Debug|Any CPU
		{FD9A663B-61F4-4D2B-A995-F3501A014B6A}.Release|Any CPU.ActiveCfg = Release|Any CPU
		{FD9A663B-61F4-4D2B-A995-F3501A014B6A}.Release|Any CPU.Build.0 = Release|Any CPU
		{65C888D0-DE0D-4493-86A9-3408F42E94F2}.Debug|Any CPU.ActiveCfg = Debug|Any CPU
		{65C888D0-DE0D-4493-86A9-3408F42E94F2}.Debug|Any CPU.Build.0 = Debug|Any CPU
		{65C888D0-DE0D-4493-86A9-3408F42E94F2}.Release|Any CPU.ActiveCfg = Release|Any CPU
		{65C888D0-DE0D-4493-86A9-3408F42E94F2}.Release|Any CPU.Build.0 = Release|Any CPU
		{90C646F9-EFA0-4440-95B8-E33CE2D39D23}.Debug|Any CPU.ActiveCfg = Debug|Any CPU
		{90C646F9-EFA0-4440-95B8-E33CE2D39D23}.Debug|Any CPU.Build.0 = Debug|Any CPU
		{90C646F9-EFA0-4440-95B8-E33CE2D39D23}.Release|Any CPU.ActiveCfg = Release|Any CPU
		{90C646F9-EFA0-4440-95B8-E33CE2D39D23}.Release|Any CPU.Build.0 = Release|Any CPU
	EndGlobalSection
	GlobalSection(SolutionProperties) = preSolution
		HideSolutionNode = FALSE
	EndGlobalSection
	GlobalSection(NestedProjects) = preSolution
		{A757FC46-23D5-44EF-BD5D-6BE8C678E90A} = {D7D2A741-0A69-4A79-A31A-1BC60166F27F}
		{B689F9E1-6BAE-4D97-A1FA-8B0E5606F323} = {D7D2A741-0A69-4A79-A31A-1BC60166F27F}
		{514B960A-DB27-4D59-A72F-771E4425EF68} = {D7D2A741-0A69-4A79-A31A-1BC60166F27F}
		{0210B041-80B2-4B28-B0A3-4CE9B520F988} = {D7D2A741-0A69-4A79-A31A-1BC60166F27F}
		{2A28B2A7-B2C5-4985-8D0A-06F3D27DE3A5} = {D7D2A741-0A69-4A79-A31A-1BC60166F27F}
		{BC62DD28-0ECE-4950-95A0-CCC6DB33B824} = {D7D2A741-0A69-4A79-A31A-1BC60166F27F}
		{45AB3E18-0CE2-44D5-B4B8-E1755C947EA2} = {D7D2A741-0A69-4A79-A31A-1BC60166F27F}
		{9B25A864-786F-4FD7-B0E4-88E31CEC2692} = {D7D2A741-0A69-4A79-A31A-1BC60166F27F}
		{5C0214EA-2632-4683-B5B3-0E5A7338A49A} = {D7D2A741-0A69-4A79-A31A-1BC60166F27F}
		{682B0397-7FBB-443D-9E7D-2A13F15D3451} = {D7D2A741-0A69-4A79-A31A-1BC60166F27F}
		{1F6DEC57-5D74-4C9F-B839-33585651FB2A} = {D7D2A741-0A69-4A79-A31A-1BC60166F27F}
		{73B10DBF-038E-46AC-9F7E-D298B18CC320} = {D7D2A741-0A69-4A79-A31A-1BC60166F27F}
		{DD62C5A6-0BCC-4945-8B75-7A24EF584B81} = {D7D2A741-0A69-4A79-A31A-1BC60166F27F}
		{21560A10-5FED-4B9D-AFF2-F533CCDFD647} = {D7D2A741-0A69-4A79-A31A-1BC60166F27F}
		{9A43C0EF-3026-444F-A8B8-822BB73EC5DB} = {D7D2A741-0A69-4A79-A31A-1BC60166F27F}
		{2ADB5AA5-0283-4B55-9025-B3A820FE86AD} = {D7D2A741-0A69-4A79-A31A-1BC60166F27F}
		{B84EAA42-4A27-4461-8194-8E50A04C27A7} = {D7D2A741-0A69-4A79-A31A-1BC60166F27F}
		{B46FC53B-D8D7-418F-B342-60F1650DD2E6} = {D7D2A741-0A69-4A79-A31A-1BC60166F27F}
		{78B09F47-8365-4AD7-8A19-7B7EF5E7B2F1} = {D7D2A741-0A69-4A79-A31A-1BC60166F27F}
		{B1E30219-9A92-4C62-BAFA-BFAE8226EFE6} = {D7D2A741-0A69-4A79-A31A-1BC60166F27F}
		{624BE521-07CC-43C5-9CF1-2719387D25C5} = {D7D2A741-0A69-4A79-A31A-1BC60166F27F}
		{FD9A663B-61F4-4D2B-A995-F3501A014B6A} = {D7D2A741-0A69-4A79-A31A-1BC60166F27F}
		{65C888D0-DE0D-4493-86A9-3408F42E94F2} = {D7D2A741-0A69-4A79-A31A-1BC60166F27F}
		{90C646F9-EFA0-4440-95B8-E33CE2D39D23} = {D7D2A741-0A69-4A79-A31A-1BC60166F27F}
	EndGlobalSection
	GlobalSection(ExtensibilityGlobals) = postSolution
		SolutionGuid = {0CC87C57-795B-4056-B5E6-6F7539709C24}
	EndGlobalSection
EndGlobal
